{
  "originHash" : "1d4f4476bdcfff0f3019248996fa8fd0b35c57a6f73060f0824377cef480c34d",
  "pins" : [
    {
      "identity" : "cryptoswift",
      "kind" : "remoteSourceControl",
      "location" : "https://github.com/krzyzanowskim/CryptoSwift",
      "state" : {
        "revision" : "f2a627b84c1ff96f21ac2fcb623ab36142dd5512",
        "version" : "1.10.0"
      }
    }
  ],
  "version" : 3
}
