// !$*UTF8*$!
{
	archiveVersion = 1;
	classes = {
	};
	objectVersion = 77;
	objects = {

/* Begin PBXBuildFile section */
		684018CB2FBE9AD400EFC6D6 /* CryptoSwift in Frameworks */ = {isa = PBXBuildFile; productRef = 684018CA2FBE9AD400EFC6D6 /* CryptoSwift */; };
		68FE5E00000000000000A019 /* FernletShareExtension.appex in Embed Foundation Extensions */ = {isa = PBXBuildFile; fileRef = 68FE5E00000000000000A011 /* FernletShareExtension.appex */; settings = {ATTRIBUTES = (RemoveHeadersOnCopy, ); }; };
		68FE5E00000000000000B019 /* FernletWidgets.appex in Embed Foundation Extensions */ = {isa = PBXBuildFile; fileRef = 68FE5E00000000000000B011 /* FernletWidgets.appex */; settings = {ATTRIBUTES = (RemoveHeadersOnCopy, ); }; };
		FE41000000000000000000A3 /* FernletKit in Frameworks */ = {isa = PBXBuildFile; productRef = FE41000000000000000000A2 /* FernletKit */; };
		FE41000000000000000000B3 /* FernletKit in Frameworks */ = {isa = PBXBuildFile; productRef = FE41000000000000000000B2 /* FernletKit */; };
/* End PBXBuildFile section */

/* Begin PBXContainerItemProxy section */
		6869C2F72FB8D39D0098A0F3 /* PBXContainerItemProxy */ = {
			isa = PBXContainerItemProxy;
			containerPortal = 6869C2DA2FB8D39D0098A0F3 /* Project object */;
			proxyType = 1;
			remoteGlobalIDString = 6869C2E12FB8D39D0098A0F3;
			remoteInfo = Fernlet;
		};
		6869C3012FB8D39D0098A0F3 /* PBXContainerItemProxy */ = {
			isa = PBXContainerItemProxy;
			containerPortal = 6869C2DA2FB8D39D0098A0F3 /* Project object */;
			proxyType = 1;
			remoteGlobalIDString = 6869C2E12FB8D39D0098A0F3;
			remoteInfo = Fernlet;
		};
		68FE5E00000000000000A01B /* PBXContainerItemProxy */ = {
			isa = PBXContainerItemProxy;
			containerPortal = 6869C2DA2FB8D39D0098A0F3 /* Project object */;
			proxyType = 1;
			remoteGlobalIDString = 68FE5E00000000000000A010;
			remoteInfo = FernletShareExtension;
		};
		68FE5E00000000000000B01B /* PBXContainerItemProxy */ = {
			isa = PBXContainerItemProxy;
			containerPortal = 6869C2DA2FB8D39D0098A0F3 /* Project object */;
			proxyType = 1;
			remoteGlobalIDString = 68FE5E00000000000000B010;
			remoteInfo = FernletWidgets;
		};
/* End PBXContainerItemProxy section */

/* Begin PBXCopyFilesBuildPhase section */
		68FE5E00000000000000A018 /* Embed Foundation Extensions */ = {
			isa = PBXCopyFilesBuildPhase;
			buildActionMask = 2147483647;
			dstPath = "";
			dstSubfolderSpec = 13;
			files = (
				68FE5E00000000000000A019 /* FernletShareExtension.appex in Embed Foundation Extensions */,
				68FE5E00000000000000B019 /* FernletWidgets.appex in Embed Foundation Extensions */,
			);
			name = "Embed Foundation Extensions";
			runOnlyForDeploymentPostprocessing = 0;
		};
/* End PBXCopyFilesBuildPhase section */

/* Begin PBXFileReference section */
		68187DC62FD0E119004E15E9 /* Meal-Estimation-Overhaul-Plan.md */ = {isa = PBXFileReference; lastKnownFileType = net.daringfireball.markdown; path = "Meal-Estimation-Overhaul-Plan.md"; sourceTree = "<group>"; };
		68187DDB2FD20EB8004E15E9 /* ProximityFunctionIndex.md */ = {isa = PBXFileReference; lastKnownFileType = net.daringfireball.markdown; path = ProximityFunctionIndex.md; sourceTree = "<group>"; };
		68187DDC2FD261F7004E15E9 /* StoreRepositoryFunctionIndex.md */ = {isa = PBXFileReference; lastKnownFileType = net.daringfireball.markdown; path = StoreRepositoryFunctionIndex.md; sourceTree = "<group>"; };
		684018E02FBFAC4500EFC6D6 /* FileIndex.md */ = {isa = PBXFileReference; lastKnownFileType = net.daringfireball.markdown; path = FileIndex.md; sourceTree = "<group>"; };
		6869C2E22FB8D39D0098A0F3 /* Fernlet.app */ = {isa = PBXFileReference; explicitFileType = wrapper.application; includeInIndex = 0; path = Fernlet.app; sourceTree = BUILT_PRODUCTS_DIR; };
		6869C2F62FB8D39D0098A0F3 /* FernletTests.xctest */ = {isa = PBXFileReference; explicitFileType = wrapper.cfbundle; includeInIndex = 0; path = FernletTests.xctest; sourceTree = BUILT_PRODUCTS_DIR; };
		6869C3002FB8D39D0098A0F3 /* FernletUITests.xctest */ = {isa = PBXFileReference; explicitFileType = wrapper.cfbundle; includeInIndex = 0; path = FernletUITests.xctest; sourceTree = BUILT_PRODUCTS_DIR; };
		6869C37C2FBBF4AF0098A0F3 /* FernletSpecificationV3.md */ = {isa = PBXFileReference; lastKnownFileType = net.daringfireball.markdown; path = FernletSpecificationV3.md; sourceTree = "<group>"; };
		6869C37E2FBBF4AF0098A0F3 /* ImplementationPlan.md */ = {isa = PBXFileReference; lastKnownFileType = net.daringfireball.markdown; path = ImplementationPlan.md; sourceTree = "<group>"; };
		68FE5E00000000000000A011 /* FernletShareExtension.appex */ = {isa = PBXFileReference; explicitFileType = "wrapper.app-extension"; includeInIndex = 0; path = FernletShareExtension.appex; sourceTree = BUILT_PRODUCTS_DIR; };
		68FE5E00000000000000B011 /* FernletWidgets.appex */ = {isa = PBXFileReference; explicitFileType = "wrapper.app-extension"; includeInIndex = 0; path = FernletWidgets.appex; sourceTree = BUILT_PRODUCTS_DIR; };
/* End PBXFileReference section */

/* Begin PBXFileSystemSynchronizedBuildFileExceptionSet section */
		6869C3082FB8D39D0098A0F3 /* Exceptions for "Fernlet" folder in "Fernlet" target */ = {
			isa = PBXFileSystemSynchronizedBuildFileExceptionSet;
			membershipExceptions = (
				Info.plist,
			);
			target = 6869C2E12FB8D39D0098A0F3 /* Fernlet */;
		};
		68FE5E00000000000000A002 /* Exceptions for "FernletShareExtension" folder in "FernletShareExtension" target */ = {
			isa = PBXFileSystemSynchronizedBuildFileExceptionSet;
			membershipExceptions = (
				Info.plist,
			);
			target = 68FE5E00000000000000A010 /* FernletShareExtension */;
		};
		68FE5E00000000000000B002 /* Exceptions for "FernletWidgets" folder in "FernletWidgets" target */ = {
			isa = PBXFileSystemSynchronizedBuildFileExceptionSet;
			membershipExceptions = (
				Info.plist,
			);
			target = 68FE5E00000000000000B010 /* FernletWidgets */;
		};
		68FE5E00000000000000B003 /* Exceptions for "FernletWidgets" folder in "Fernlet" target */ = {
			isa = PBXFileSystemSynchronizedBuildFileExceptionSet;
			membershipExceptions = (
				AppGroupRunStateStore.swift,
				CookingActivityAttributes.swift,
				CookingActivityBridge.swift,
				CookingLiveActivityIntents.swift,
				CookingRunState.swift,
				CookingRunStateStore.swift,
				GuidedWorkoutActivityBridge.swift,
				GuidedWorkoutLiveActivityIntents.swift,
				GuidedWorkoutRunState.swift,
				GuidedWorkoutRunStateStore.swift,
				LiveActivityRunReflecting.swift,
				WorkoutActivityAttributes.swift,
			);
			target = 6869C2E12FB8D39D0098A0F3 /* Fernlet */;
		};
/* End PBXFileSystemSynchronizedBuildFileExceptionSet section */

/* Begin PBXFileSystemSynchronizedRootGroup section */
		6869C2E42FB8D39D0098A0F3 /* Fernlet */ = {
			isa = PBXFileSystemSynchronizedRootGroup;
			exceptions = (
				6869C3082FB8D39D0098A0F3 /* Exceptions for "Fernlet" folder in "Fernlet" target */,
			);
			path = Fernlet;
			sourceTree = "<group>";
		};
		6869C2F92FB8D39D0098A0F3 /* ../Tests/FernletTests */ = {
			isa = PBXFileSystemSynchronizedRootGroup;
			path = ../Tests/FernletTests;
			sourceTree = "<group>";
		};
		6869C3032FB8D39D0098A0F3 /* ../Tests/FernletUITests */ = {
			isa = PBXFileSystemSynchronizedRootGroup;
			path = ../Tests/FernletUITests;
			sourceTree = "<group>";
		};
		68FE5E00000000000000A001 /* FernletShareExtension */ = {
			isa = PBXFileSystemSynchronizedRootGroup;
			exceptions = (
				68FE5E00000000000000A002 /* Exceptions for "FernletShareExtension" folder in "FernletShareExtension" target */,
			);
			path = FernletShareExtension;
			sourceTree = "<group>";
		};
		68FE5E00000000000000B001 /* FernletWidgets */ = {
			isa = PBXFileSystemSynchronizedRootGroup;
			exceptions = (
				68FE5E00000000000000B003 /* Exceptions for "FernletWidgets" folder in "Fernlet" target */,
				68FE5E00000000000000B002 /* Exceptions for "FernletWidgets" folder in "FernletWidgets" target */,
			);
			path = FernletWidgets;
			sourceTree = "<group>";
		};
/* End PBXFileSystemSynchronizedRootGroup section */

/* Begin PBXFrameworksBuildPhase section */
		6869C2DF2FB8D39D0098A0F3 /* Frameworks */ = {
			isa = PBXFrameworksBuildPhase;
			buildActionMask = 2147483647;
			files = (
				684018CB2FBE9AD400EFC6D6 /* CryptoSwift in Frameworks */,
				FE41000000000000000000A3 /* FernletKit in Frameworks */,
			);
			runOnlyForDeploymentPostprocessing = 0;
		};
		6869C2F32FB8D39D0098A0F3 /* Frameworks */ = {
			isa = PBXFrameworksBuildPhase;
			buildActionMask = 2147483647;
			files = (
				FE41000000000000000000B3 /* FernletKit in Frameworks */,
			);
			runOnlyForDeploymentPostprocessing = 0;
		};
		6869C2FD2FB8D39D0098A0F3 /* Frameworks */ = {
			isa = PBXFrameworksBuildPhase;
			buildActionMask = 2147483647;
			files = (
			);
			runOnlyForDeploymentPostprocessing = 0;
		};
		68FE5E00000000000000A013 /* Frameworks */ = {
			isa = PBXFrameworksBuildPhase;
			buildActionMask = 2147483647;
			files = (
			);
			runOnlyForDeploymentPostprocessing = 0;
		};
		68FE5E00000000000000B013 /* Frameworks */ = {
			isa = PBXFrameworksBuildPhase;
			buildActionMask = 2147483647;
			files = (
			);
			runOnlyForDeploymentPostprocessing = 0;
		};
/* End PBXFrameworksBuildPhase section */

/* Begin PBXGroup section */
		6869C2D92FB8D39D0098A0F3 = {
			isa = PBXGroup;
			children = (
				6869C2E42FB8D39D0098A0F3 /* Fernlet */,
				6869C2F92FB8D39D0098A0F3 /* ../Tests/FernletTests */,
				6869C3032FB8D39D0098A0F3 /* ../Tests/FernletUITests */,
				68FE5E00000000000000A001 /* FernletShareExtension */,
				68FE5E00000000000000B001 /* FernletWidgets */,
				6869C2E32FB8D39D0098A0F3 /* Products */,
				6869C37B2FBBF3450098A0F3 /* ../Docs */,
			);
			sourceTree = "<group>";
		};
		6869C2E32FB8D39D0098A0F3 /* Products */ = {
			isa = PBXGroup;
			children = (
				6869C2E22FB8D39D0098A0F3 /* Fernlet.app */,
				6869C2F62FB8D39D0098A0F3 /* FernletTests.xctest */,
				6869C3002FB8D39D0098A0F3 /* FernletUITests.xctest */,
				68FE5E00000000000000A011 /* FernletShareExtension.appex */,
				68FE5E00000000000000B011 /* FernletWidgets.appex */,
			);
			name = Products;
			sourceTree = "<group>";
		};
		6869C37B2FBBF3450098A0F3 /* ../Docs */ = {
			isa = PBXGroup;
			children = (
				6869C37C2FBBF4AF0098A0F3 /* FernletSpecificationV3.md */,
				68187DC62FD0E119004E15E9 /* Meal-Estimation-Overhaul-Plan.md */,
				6869C37E2FBBF4AF0098A0F3 /* ImplementationPlan.md */,
				684018E02FBFAC4500EFC6D6 /* FileIndex.md */,
				68187DDB2FD20EB8004E15E9 /* ProximityFunctionIndex.md */,
				68187DDC2FD261F7004E15E9 /* StoreRepositoryFunctionIndex.md */,
			);
			path = ../Docs;
			sourceTree = "<group>";
		};
/* End PBXGroup section */

/* Begin PBXNativeTarget section */
		6869C2E12FB8D39D0098A0F3 /* Fernlet */ = {
			isa = PBXNativeTarget;
			buildConfigurationList = 6869C3092FB8D39D0098A0F3 /* Build configuration list for PBXNativeTarget "Fernlet" */;
			buildPhases = (
				6869C2DE2FB8D39D0098A0F3 /* Sources */,
				6869C2DF2FB8D39D0098A0F3 /* Frameworks */,
				6869C2E02FB8D39D0098A0F3 /* Resources */,
				68FE5E00000000000000A018 /* Embed Foundation Extensions */,
			);
			buildRules = (
			);
			dependencies = (
				68FE5E00000000000000A01A /* PBXTargetDependency */,
				68FE5E00000000000000B01A /* PBXTargetDependency */,
			);
			fileSystemSynchronizedGroups = (
				6869C2E42FB8D39D0098A0F3 /* Fernlet */,
			);
			name = Fernlet;
			packageProductDependencies = (
				684018CA2FBE9AD400EFC6D6 /* CryptoSwift */,
				FE41000000000000000000A2 /* FernletKit */,
			);
			productName = Fernlet;
			productReference = 6869C2E22FB8D39D0098A0F3 /* Fernlet.app */;
			productType = "com.apple.product-type.application";
		};
		6869C2F52FB8D39D0098A0F3 /* FernletTests */ = {
			isa = PBXNativeTarget;
			buildConfigurationList = 6869C30E2FB8D39D0098A0F3 /* Build configuration list for PBXNativeTarget "FernletTests" */;
			buildPhases = (
				6869C2F22FB8D39D0098A0F3 /* Sources */,
				6869C2F32FB8D39D0098A0F3 /* Frameworks */,
				6869C2F42FB8D39D0098A0F3 /* Resources */,
			);
			buildRules = (
			);
			dependencies = (
				6869C2F82FB8D39D0098A0F3 /* PBXTargetDependency */,
			);
			fileSystemSynchronizedGroups = (
				6869C2F92FB8D39D0098A0F3 /* ../Tests/FernletTests */,
			);
			name = FernletTests;
			packageProductDependencies = (
				FE41000000000000000000B2 /* FernletKit */,
			);
			productName = FernletTests;
			productReference = 6869C2F62FB8D39D0098A0F3 /* FernletTests.xctest */;
			productType = "com.apple.product-type.bundle.unit-test";
		};
		6869C2FF2FB8D39D0098A0F3 /* FernletUITests */ = {
			isa = PBXNativeTarget;
			buildConfigurationList = 6869C3112FB8D39D0098A0F3 /* Build configuration list for PBXNativeTarget "FernletUITests" */;
			buildPhases = (
				6869C2FC2FB8D39D0098A0F3 /* Sources */,
				6869C2FD2FB8D39D0098A0F3 /* Frameworks */,
				6869C2FE2FB8D39D0098A0F3 /* Resources */,
			);
			buildRules = (
			);
			dependencies = (
				6869C3022FB8D39D0098A0F3 /* PBXTargetDependency */,
			);
			fileSystemSynchronizedGroups = (
				6869C3032FB8D39D0098A0F3 /* ../Tests/FernletUITests */,
			);
			name = FernletUITests;
			packageProductDependencies = (
			);
			productName = FernletUITests;
			productReference = 6869C3002FB8D39D0098A0F3 /* FernletUITests.xctest */;
			productType = "com.apple.product-type.bundle.ui-testing";
		};
		68FE5E00000000000000A010 /* FernletShareExtension */ = {
			isa = PBXNativeTarget;
			buildConfigurationList = 68FE5E00000000000000A015 /* Build configuration list for PBXNativeTarget "FernletShareExtension" */;
			buildPhases = (
				68FE5E00000000000000A012 /* Sources */,
				68FE5E00000000000000A013 /* Frameworks */,
				68FE5E00000000000000A014 /* Resources */,
			);
			buildRules = (
			);
			dependencies = (
			);
			fileSystemSynchronizedGroups = (
				68FE5E00000000000000A001 /* FernletShareExtension */,
			);
			name = FernletShareExtension;
			packageProductDependencies = (
			);
			productName = FernletShareExtension;
			productReference = 68FE5E00000000000000A011 /* FernletShareExtension.appex */;
			productType = "com.apple.product-type.app-extension";
		};
		68FE5E00000000000000B010 /* FernletWidgets */ = {
			isa = PBXNativeTarget;
			buildConfigurationList = 68FE5E00000000000000B015 /* Build configuration list for PBXNativeTarget "FernletWidgets" */;
			buildPhases = (
				68FE5E00000000000000B012 /* Sources */,
				68FE5E00000000000000B013 /* Frameworks */,
				68FE5E00000000000000B014 /* Resources */,
			);
			buildRules = (
			);
			dependencies = (
			);
			fileSystemSynchronizedGroups = (
				68FE5E00000000000000B001 /* FernletWidgets */,
			);
			name = FernletWidgets;
			packageProductDependencies = (
			);
			productName = FernletWidgets;
			productReference = 68FE5E00000000000000B011 /* FernletWidgets.appex */;
			productType = "com.apple.product-type.app-extension";
		};
/* End PBXNativeTarget section */

/* Begin PBXProject section */
		6869C2DA2FB8D39D0098A0F3 /* Project object */ = {
			isa = PBXProject;
			attributes = {
				BuildIndependentTargetsInParallel = 1;
				LastSwiftUpdateCheck = 2650;
				LastUpgradeCheck = 2650;
				TargetAttributes = {
					6869C2E12FB8D39D0098A0F3 = {
						CreatedOnToolsVersion = 26.5;
					};
					6869C2F52FB8D39D0098A0F3 = {
						CreatedOnToolsVersion = 26.5;
						TestTargetID = 6869C2E12FB8D39D0098A0F3;
					};
					6869C2FF2FB8D39D0098A0F3 = {
						CreatedOnToolsVersion = 26.5;
						TestTargetID = 6869C2E12FB8D39D0098A0F3;
					};
					68FE5E00000000000000A010 = {
						CreatedOnToolsVersion = 26.5;
					};
					68FE5E00000000000000B010 = {
						CreatedOnToolsVersion = 26.5;
					};
				};
			};
			buildConfigurationList = 6869C2DD2FB8D39D0098A0F3 /* Build configuration list for PBXProject "Fernlet" */;
			developmentRegion = en;
			hasScannedForEncodings = 0;
			knownRegions = (
				en,
				Base,
				de,
				es,
				fr,
			);
			mainGroup = 6869C2D92FB8D39D0098A0F3;
			minimizedProjectReferenceProxies = 1;
			packageReferences = (
				684018C92FBE9AD400EFC6D6 /* XCRemoteSwiftPackageReference "CryptoSwift" */,
				FE41000000000000000000A1 /* XCLocalSwiftPackageReference "../FernletKit" */,
			);
			preferredProjectObjectVersion = 77;
			productRefGroup = 6869C2E32FB8D39D0098A0F3 /* Products */;
			projectDirPath = "";
			projectRoot = "";
			targets = (
				6869C2E12FB8D39D0098A0F3 /* Fernlet */,
				6869C2F52FB8D39D0098A0F3 /* FernletTests */,
				6869C2FF2FB8D39D0098A0F3 /* FernletUITests */,
				68FE5E00000000000000A010 /* FernletShareExtension */,
				68FE5E00000000000000B010 /* FernletWidgets */,
			);
		};
/* End PBXProject section */

/* Begin PBXResourcesBuildPhase section */
		6869C2E02FB8D39D0098A0F3 /* Resources */ = {
			isa = PBXResourcesBuildPhase;
			buildActionMask = 2147483647;
			files = (
			);
			runOnlyForDeploymentPostprocessing = 0;
		};
		6869C2F42FB8D39D0098A0F3 /* Resources */ = {
			isa = PBXResourcesBuildPhase;
			buildActionMask = 2147483647;
			files = (
			);
			runOnlyForDeploymentPostprocessing = 0;
		};
		6869C2FE2FB8D39D0098A0F3 /* Resources */ = {
			isa = PBXResourcesBuildPhase;
			buildActionMask = 2147483647;
			files = (
			);
			runOnlyForDeploymentPostprocessing = 0;
		};
		68FE5E00000000000000A014 /* Resources */ = {
			isa = PBXResourcesBuildPhase;
			buildActionMask = 2147483647;
			files = (
			);
			runOnlyForDeploymentPostprocessing = 0;
		};
		68FE5E00000000000000B014 /* Resources */ = {
			isa = PBXResourcesBuildPhase;
			buildActionMask = 2147483647;
			files = (
			);
			runOnlyForDeploymentPostprocessing = 0;
		};
/* End PBXResourcesBuildPhase section */

/* Begin PBXSourcesBuildPhase section */
		6869C2DE2FB8D39D0098A0F3 /* Sources */ = {
			isa = PBXSourcesBuildPhase;
			buildActionMask = 2147483647;
			files = (
			);
			runOnlyForDeploymentPostprocessing = 0;
		};
		6869C2F22FB8D39D0098A0F3 /* Sources */ = {
			isa = PBXSourcesBuildPhase;
			buildActionMask = 2147483647;
			files = (
			);
			runOnlyForDeploymentPostprocessing = 0;
		};
		6869C2FC2FB8D39D0098A0F3 /* Sources */ = {
			isa = PBXSourcesBuildPhase;
			buildActionMask = 2147483647;
			files = (
			);
			runOnlyForDeploymentPostprocessing = 0;
		};
		68FE5E00000000000000A012 /* Sources */ = {
			isa = PBXSourcesBuildPhase;
			buildActionMask = 2147483647;
			files = (
			);
			runOnlyForDeploymentPostprocessing = 0;
		};
		68FE5E00000000000000B012 /* Sources */ = {
			isa = PBXSourcesBuildPhase;
			buildActionMask = 2147483647;
			files = (
			);
			runOnlyForDeploymentPostprocessing = 0;
		};
/* End PBXSourcesBuildPhase section */

/* Begin PBXTargetDependency section */
		6869C2F82FB8D39D0098A0F3 /* PBXTargetDependency */ = {
			isa = PBXTargetDependency;
			target = 6869C2E12FB8D39D0098A0F3 /* Fernlet */;
			targetProxy = 6869C2F72FB8D39D0098A0F3 /* PBXContainerItemProxy */;
		};
		6869C3022FB8D39D0098A0F3 /* PBXTargetDependency */ = {
			isa = PBXTargetDependency;
			target = 6869C2E12FB8D39D0098A0F3 /* Fernlet */;
			targetProxy = 6869C3012FB8D39D0098A0F3 /* PBXContainerItemProxy */;
		};
		68FE5E00000000000000A01A /* PBXTargetDependency */ = {
			isa = PBXTargetDependency;
			target = 68FE5E00000000000000A010 /* FernletShareExtension */;
			targetProxy = 68FE5E00000000000000A01B /* PBXContainerItemProxy */;
		};
		68FE5E00000000000000B01A /* PBXTargetDependency */ = {
			isa = PBXTargetDependency;
			target = 68FE5E00000000000000B010 /* FernletWidgets */;
			targetProxy = 68FE5E00000000000000B01B /* PBXContainerItemProxy */;
		};
/* End PBXTargetDependency section */

/* Begin XCBuildConfiguration section */
		6869C30A2FB8D39D0098A0F3 /* Debug */ = {
			isa = XCBuildConfiguration;
			buildSettings = {
				ASSETCATALOG_COMPILER_APPICON_NAME = AppIcon;
				ASSETCATALOG_COMPILER_GLOBAL_ACCENT_COLOR_NAME = AccentColor;
				CODE_SIGN_ENTITLEMENTS = Fernlet/Fernlet.entitlements;
				CODE_SIGN_STYLE = Automatic;
				CURRENT_PROJECT_VERSION = 1;
				DEVELOPMENT_TEAM = 3RTUPF8FFH;
				ENABLE_APP_SANDBOX = YES;
				ENABLE_PREVIEWS = YES;
				ENABLE_USER_SELECTED_FILES = readonly;
				GENERATE_INFOPLIST_FILE = YES;
				INFOPLIST_FILE = Fernlet/Info.plist;
				INFOPLIST_KEY_ITSAppUsesNonExemptEncryption = YES;
				INFOPLIST_KEY_LSApplicationCategoryType = "public.app-category.healthcare-fitness";
				INFOPLIST_KEY_NSCameraUsageDescription = "Fernlet uses your camera to scan nutrition labels and to take photos during in-person sharing sessions.";
				INFOPLIST_KEY_NSFaceIDUsageDescription = "Fernlet uses Face ID to unlock your private health data.";
				INFOPLIST_KEY_NSHealthShareUsageDescription = "Fernlet reads selected Health data only when you enable it — including workouts, body metrics, sleep, recovery, and (optionally) cycle data — to give you a complete, on-device picture of your wellbeing.";
				INFOPLIST_KEY_NSHealthUpdateUsageDescription = "Fernlet writes the workouts and health observations you explicitly log into Apple Health, so they appear in Apple Fitness and across your devices.";
				INFOPLIST_KEY_NSLocalNetworkUsageDescription = "Fernlet uses your local network to connect with nearby trainers and friends for workout sharing.";
				INFOPLIST_KEY_NSLocationWhenInUseUsageDescription = "Fernlet uses your approximate location only to check the weather for gentle recovery prompts, when you turn that on.";
				INFOPLIST_KEY_NSNearbyInteractionUsageDescription = "Fernlet uses Ultra Wideband to precisely measure distance when connecting with a nearby trainer or friend.";
				INFOPLIST_KEY_NSPhotoLibraryAddUsageDescription = "Fernlet saves the shared pictures you choose after a friend session.";
				INFOPLIST_KEY_NSPhotoLibraryUsageDescription = "Fernlet accesses your photo library to scan nutrition labels from saved photos.";
				INFOPLIST_KEY_NSSupportsLiveActivities = YES;
				"INFOPLIST_KEY_UIApplicationSceneManifest_Generation[sdk=iphoneos*]" = YES;
				"INFOPLIST_KEY_UIApplicationSceneManifest_Generation[sdk=iphonesimulator*]" = YES;
				"INFOPLIST_KEY_UIApplicationSupportsIndirectInputEvents[sdk=iphoneos*]" = YES;
				"INFOPLIST_KEY_UIApplicationSupportsIndirectInputEvents[sdk=iphonesimulator*]" = YES;
				"INFOPLIST_KEY_UILaunchScreen_Generation[sdk=iphoneos*]" = YES;
				"INFOPLIST_KEY_UILaunchScreen_Generation[sdk=iphonesimulator*]" = YES;
				"INFOPLIST_KEY_UIStatusBarStyle[sdk=iphoneos*]" = UIStatusBarStyleDefault;
				"INFOPLIST_KEY_UIStatusBarStyle[sdk=iphonesimulator*]" = UIStatusBarStyleDefault;
				INFOPLIST_KEY_UISupportedInterfaceOrientations_iPad = "UIInterfaceOrientationPortrait UIInterfaceOrientationPortraitUpsideDown UIInterfaceOrientationLandscapeLeft UIInterfaceOrientationLandscapeRight";
				INFOPLIST_KEY_UISupportedInterfaceOrientations_iPhone = "UIInterfaceOrientationPortrait UIInterfaceOrientationLandscapeLeft UIInterfaceOrientationLandscapeRight";
				IPHONEOS_DEPLOYMENT_TARGET = 26.0;
				LD_RUNPATH_SEARCH_PATHS = "@executable_path/Frameworks";
				"LD_RUNPATH_SEARCH_PATHS[sdk=macosx*]" = "@executable_path/../Frameworks";
				MACOSX_DEPLOYMENT_TARGET = 26.5;
				MARKETING_VERSION = 1.0;
				PRODUCT_BUNDLE_IDENTIFIER = MBO.Fernlet;
				PRODUCT_NAME = "$(TARGET_NAME)";
				REGISTER_APP_GROUPS = YES;
				SDKROOT = auto;
				STRING_CATALOG_GENERATE_SYMBOLS = YES;
				SUPPORTED_PLATFORMS = "iphoneos iphonesimulator";
				SWIFT_APPROACHABLE_CONCURRENCY = YES;
				SWIFT_DEFAULT_ACTOR_ISOLATION = MainActor;
				SWIFT_EMIT_LOC_STRINGS = YES;
				SWIFT_UPCOMING_FEATURE_MEMBER_IMPORT_VISIBILITY = YES;
				SWIFT_VERSION = 5.0;
				TARGETED_DEVICE_FAMILY = 1;
				XROS_DEPLOYMENT_TARGET = 26.5;
			};
			name = Debug;
		};
		6869C30B2FB8D39D0098A0F3 /* Release */ = {
			isa = XCBuildConfiguration;
			buildSettings = {
				ASSETCATALOG_COMPILER_APPICON_NAME = AppIcon;
				ASSETCATALOG_COMPILER_GLOBAL_ACCENT_COLOR_NAME = AccentColor;
				CODE_SIGN_ENTITLEMENTS = Fernlet/Fernlet.entitlements;
				CODE_SIGN_STYLE = Automatic;
				CURRENT_PROJECT_VERSION = 1;
				DEVELOPMENT_TEAM = 3RTUPF8FFH;
				ENABLE_APP_SANDBOX = YES;
				ENABLE_PREVIEWS = YES;
				ENABLE_USER_SELECTED_FILES = readonly;
				GENERATE_INFOPLIST_FILE = YES;
				INFOPLIST_FILE = Fernlet/Info.plist;
				INFOPLIST_KEY_ITSAppUsesNonExemptEncryption = YES;
				INFOPLIST_KEY_LSApplicationCategoryType = "public.app-category.healthcare-fitness";
				INFOPLIST_KEY_NSCameraUsageDescription = "Fernlet uses your camera to scan nutrition labels and to take photos during in-person sharing sessions.";
				INFOPLIST_KEY_NSFaceIDUsageDescription = "Fernlet uses Face ID to unlock your private health data.";
				INFOPLIST_KEY_NSHealthShareUsageDescription = "Fernlet reads selected Health data only when you enable it — including workouts, body metrics, sleep, recovery, and (optionally) cycle data — to give you a complete, on-device picture of your wellbeing.";
				INFOPLIST_KEY_NSHealthUpdateUsageDescription = "Fernlet writes the workouts and health observations you explicitly log into Apple Health, so they appear in Apple Fitness and across your devices.";
				INFOPLIST_KEY_NSLocalNetworkUsageDescription = "Fernlet uses your local network to connect with nearby trainers and friends for workout sharing.";
				INFOPLIST_KEY_NSLocationWhenInUseUsageDescription = "Fernlet uses your approximate location only to check the weather for gentle recovery prompts, when you turn that on.";
				INFOPLIST_KEY_NSNearbyInteractionUsageDescription = "Fernlet uses Ultra Wideband to precisely measure distance when connecting with a nearby trainer or friend.";
				INFOPLIST_KEY_NSPhotoLibraryAddUsageDescription = "Fernlet saves the shared pictures you choose after a friend session.";
				INFOPLIST_KEY_NSPhotoLibraryUsageDescription = "Fernlet accesses your photo library to scan nutrition labels from saved photos.";
				INFOPLIST_KEY_NSSupportsLiveActivities = YES;
				"INFOPLIST_KEY_UIApplicationSceneManifest_Generation[sdk=iphoneos*]" = YES;
				"INFOPLIST_KEY_UIApplicationSceneManifest_Generation[sdk=iphonesimulator*]" = YES;
				"INFOPLIST_KEY_UIApplicationSupportsIndirectInputEvents[sdk=iphoneos*]" = YES;
				"INFOPLIST_KEY_UIApplicationSupportsIndirectInputEvents[sdk=iphonesimulator*]" = YES;
				"INFOPLIST_KEY_UILaunchScreen_Generation[sdk=iphoneos*]" = YES;
				"INFOPLIST_KEY_UILaunchScreen_Generation[sdk=iphonesimulator*]" = YES;
				"INFOPLIST_KEY_UIStatusBarStyle[sdk=iphoneos*]" = UIStatusBarStyleDefault;
				"INFOPLIST_KEY_UIStatusBarStyle[sdk=iphonesimulator*]" = UIStatusBarStyleDefault;
				INFOPLIST_KEY_UISupportedInterfaceOrientations_iPad = "UIInterfaceOrientationPortrait UIInterfaceOrientationPortraitUpsideDown UIInterfaceOrientationLandscapeLeft UIInterfaceOrientationLandscapeRight";
				INFOPLIST_KEY_UISupportedInterfaceOrientations_iPhone = "UIInterfaceOrientationPortrait UIInterfaceOrientationLandscapeLeft UIInterfaceOrientationLandscapeRight";
				IPHONEOS_DEPLOYMENT_TARGET = 26.0;
				LD_RUNPATH_SEARCH_PATHS = "@executable_path/Frameworks";
				"LD_RUNPATH_SEARCH_PATHS[sdk=macosx*]" = "@executable_path/../Frameworks";
				MACOSX_DEPLOYMENT_TARGET = 26.5;
				MARKETING_VERSION = 1.0;
				PRODUCT_BUNDLE_IDENTIFIER = MBO.Fernlet;
				PRODUCT_NAME = "$(TARGET_NAME)";
				REGISTER_APP_GROUPS = YES;
				SDKROOT = auto;
				STRING_CATALOG_GENERATE_SYMBOLS = YES;
				SUPPORTED_PLATFORMS = "iphoneos iphonesimulator";
				SWIFT_APPROACHABLE_CONCURRENCY = YES;
				SWIFT_DEFAULT_ACTOR_ISOLATION = MainActor;
				SWIFT_EMIT_LOC_STRINGS = YES;
				SWIFT_UPCOMING_FEATURE_MEMBER_IMPORT_VISIBILITY = YES;
				SWIFT_VERSION = 5.0;
				TARGETED_DEVICE_FAMILY = 1;
				XROS_DEPLOYMENT_TARGET = 26.5;
			};
			name = Release;
		};
		6869C30C2FB8D39D0098A0F3 /* Debug */ = {
			isa = XCBuildConfiguration;
			buildSettings = {
				ALWAYS_SEARCH_USER_PATHS = NO;
				ASSETCATALOG_COMPILER_GENERATE_SWIFT_ASSET_SYMBOL_EXTENSIONS = YES;
				CLANG_ANALYZER_NONNULL = YES;
				CLANG_ANALYZER_NUMBER_OBJECT_CONVERSION = YES_AGGRESSIVE;
				CLANG_CXX_LANGUAGE_STANDARD = "gnu++20";
				CLANG_ENABLE_MODULES = YES;
				CLANG_ENABLE_OBJC_ARC = YES;
				CLANG_ENABLE_OBJC_WEAK = YES;
				CLANG_WARN_BLOCK_CAPTURE_AUTORELEASING = YES;
				CLANG_WARN_BOOL_CONVERSION = YES;
				CLANG_WARN_COMMA = YES;
				CLANG_WARN_CONSTANT_CONVERSION = YES;
				CLANG_WARN_DEPRECATED_OBJC_IMPLEMENTATIONS = YES;
				CLANG_WARN_DIRECT_OBJC_ISA_USAGE = YES_ERROR;
				CLANG_WARN_DOCUMENTATION_COMMENTS = YES;
				CLANG_WARN_EMPTY_BODY = YES;
				CLANG_WARN_ENUM_CONVERSION = YES;
				CLANG_WARN_INFINITE_RECURSION = YES;
				CLANG_WARN_INT_CONVERSION = YES;
				CLANG_WARN_NON_LITERAL_NULL_CONVERSION = YES;
				CLANG_WARN_OBJC_IMPLICIT_RETAIN_SELF = YES;
				CLANG_WARN_OBJC_LITERAL_CONVERSION = YES;
				CLANG_WARN_OBJC_ROOT_CLASS = YES_ERROR;
				CLANG_WARN_QUOTED_INCLUDE_IN_FRAMEWORK_HEADER = YES;
				CLANG_WARN_RANGE_LOOP_ANALYSIS = YES;
				CLANG_WARN_STRICT_PROTOTYPES = YES;
				CLANG_WARN_SUSPICIOUS_MOVE = YES;
				CLANG_WARN_UNGUARDED_AVAILABILITY = YES_AGGRESSIVE;
				CLANG_WARN_UNREACHABLE_CODE = YES;
				CLANG_WARN__DUPLICATE_METHOD_MATCH = YES;
				COPY_PHASE_STRIP = NO;
				DEBUG_INFORMATION_FORMAT = dwarf;
				ENABLE_STRICT_OBJC_MSGSEND = YES;
				ENABLE_TESTABILITY = YES;
				ENABLE_USER_SCRIPT_SANDBOXING = YES;
				GCC_C_LANGUAGE_STANDARD = gnu17;
				GCC_DYNAMIC_NO_PIC = NO;
				GCC_NO_COMMON_BLOCKS = YES;
				GCC_OPTIMIZATION_LEVEL = 0;
				GCC_PREPROCESSOR_DEFINITIONS = (
					"DEBUG=1",
					"$(inherited)",
				);
				GCC_TREAT_WARNINGS_AS_ERRORS = YES;
				GCC_WARN_64_TO_32_BIT_CONVERSION = YES;
				GCC_WARN_ABOUT_RETURN_TYPE = YES_ERROR;
				GCC_WARN_UNDECLARED_SELECTOR = YES;
				GCC_WARN_UNINITIALIZED_AUTOS = YES_AGGRESSIVE;
				GCC_WARN_UNUSED_FUNCTION = YES;
				GCC_WARN_UNUSED_VARIABLE = YES;
				LOCALIZATION_PREFERS_STRING_CATALOGS = YES;
				MTL_ENABLE_DEBUG_INFO = INCLUDE_SOURCE;
				MTL_FAST_MATH = YES;
				ONLY_ACTIVE_ARCH = YES;
				SWIFT_ACTIVE_COMPILATION_CONDITIONS = "DEBUG $(inherited)";
				SWIFT_OPTIMIZATION_LEVEL = "-Onone";
				SWIFT_TREAT_WARNINGS_AS_ERRORS = YES;
			};
			name = Debug;
		};
		6869C30D2FB8D39D0098A0F3 /* Release */ = {
			isa = XCBuildConfiguration;
			buildSettings = {
				ALWAYS_SEARCH_USER_PATHS = NO;
				ASSETCATALOG_COMPILER_GENERATE_SWIFT_ASSET_SYMBOL_EXTENSIONS = YES;
				CLANG_ANALYZER_NONNULL = YES;
				CLANG_ANALYZER_NUMBER_OBJECT_CONVERSION = YES_AGGRESSIVE;
				CLANG_CXX_LANGUAGE_STANDARD = "gnu++20";
				CLANG_ENABLE_MODULES = YES;
				CLANG_ENABLE_OBJC_ARC = YES;
				CLANG_ENABLE_OBJC_WEAK = YES;
				CLANG_WARN_BLOCK_CAPTURE_AUTORELEASING = YES;
				CLANG_WARN_BOOL_CONVERSION = YES;
				CLANG_WARN_COMMA = YES;
				CLANG_WARN_CONSTANT_CONVERSION = YES;
				CLANG_WARN_DEPRECATED_OBJC_IMPLEMENTATIONS = YES;
				CLANG_WARN_DIRECT_OBJC_ISA_USAGE = YES_ERROR;
				CLANG_WARN_DOCUMENTATION_COMMENTS = YES;
				CLANG_WARN_EMPTY_BODY = YES;
				CLANG_WARN_ENUM_CONVERSION = YES;
				CLANG_WARN_INFINITE_RECURSION = YES;
				CLANG_WARN_INT_CONVERSION = YES;
				CLANG_WARN_NON_LITERAL_NULL_CONVERSION = YES;
				CLANG_WARN_OBJC_IMPLICIT_RETAIN_SELF = YES;
				CLANG_WARN_OBJC_LITERAL_CONVERSION = YES;
				CLANG_WARN_OBJC_ROOT_CLASS = YES_ERROR;
				CLANG_WARN_QUOTED_INCLUDE_IN_FRAMEWORK_HEADER = YES;
				CLANG_WARN_RANGE_LOOP_ANALYSIS = YES;
				CLANG_WARN_STRICT_PROTOTYPES = YES;
				CLANG_WARN_SUSPICIOUS_MOVE = YES;
				CLANG_WARN_UNGUARDED_AVAILABILITY = YES_AGGRESSIVE;
				CLANG_WARN_UNREACHABLE_CODE = YES;
				CLANG_WARN__DUPLICATE_METHOD_MATCH = YES;
				COPY_PHASE_STRIP = NO;
				DEBUG_INFORMATION_FORMAT = "dwarf-with-dsym";
				ENABLE_NS_ASSERTIONS = NO;
				ENABLE_STRICT_OBJC_MSGSEND = YES;
				ENABLE_USER_SCRIPT_SANDBOXING = YES;
				GCC_C_LANGUAGE_STANDARD = gnu17;
				GCC_NO_COMMON_BLOCKS = YES;
				GCC_TREAT_WARNINGS_AS_ERRORS = YES;
				GCC_WARN_64_TO_32_BIT_CONVERSION = YES;
				GCC_WARN_ABOUT_RETURN_TYPE = YES_ERROR;
				GCC_WARN_UNDECLARED_SELECTOR = YES;
				GCC_WARN_UNINITIALIZED_AUTOS = YES_AGGRESSIVE;
				GCC_WARN_UNUSED_FUNCTION = YES;
				GCC_WARN_UNUSED_VARIABLE = YES;
				LOCALIZATION_PREFERS_STRING_CATALOGS = YES;
				MTL_ENABLE_DEBUG_INFO = NO;
				MTL_FAST_MATH = YES;
				SWIFT_COMPILATION_MODE = wholemodule;
				SWIFT_TREAT_WARNINGS_AS_ERRORS = YES;
			};
			name = Release;
		};
		6869C30F2FB8D39D0098A0F3 /* Debug */ = {
			isa = XCBuildConfiguration;
			buildSettings = {
				BUNDLE_LOADER = "$(TEST_HOST)";
				CODE_SIGN_STYLE = Automatic;
				CURRENT_PROJECT_VERSION = 1;
				DEVELOPMENT_TEAM = 3RTUPF8FFH;
				GENERATE_INFOPLIST_FILE = YES;
				IPHONEOS_DEPLOYMENT_TARGET = 26.0;
				MACOSX_DEPLOYMENT_TARGET = 26.5;
				MARKETING_VERSION = 1.0;
				PRODUCT_BUNDLE_IDENTIFIER = MBO.FernletTests;
				PRODUCT_NAME = "$(TARGET_NAME)";
				SDKROOT = auto;
				STRING_CATALOG_GENERATE_SYMBOLS = NO;
				SUPPORTED_PLATFORMS = "iphoneos iphonesimulator";
				SWIFT_APPROACHABLE_CONCURRENCY = YES;
				SWIFT_EMIT_LOC_STRINGS = NO;
				SWIFT_UPCOMING_FEATURE_MEMBER_IMPORT_VISIBILITY = YES;
				SWIFT_VERSION = 5.0;
				TARGETED_DEVICE_FAMILY = 1;
				TEST_HOST = "$(BUILT_PRODUCTS_DIR)/Fernlet.app/$(BUNDLE_EXECUTABLE_FOLDER_PATH)/Fernlet";
				XROS_DEPLOYMENT_TARGET = 26.5;
			};
			name = Debug;
		};
		6869C3102FB8D39D0098A0F3 /* Release */ = {
			isa = XCBuildConfiguration;
			buildSettings = {
				BUNDLE_LOADER = "$(TEST_HOST)";
				CODE_SIGN_STYLE = Automatic;
				CURRENT_PROJECT_VERSION = 1;
				DEVELOPMENT_TEAM = 3RTUPF8FFH;
				GENERATE_INFOPLIST_FILE = YES;
				IPHONEOS_DEPLOYMENT_TARGET = 26.0;
				MACOSX_DEPLOYMENT_TARGET = 26.5;
				MARKETING_VERSION = 1.0;
				PRODUCT_BUNDLE_IDENTIFIER = MBO.FernletTests;
				PRODUCT_NAME = "$(TARGET_NAME)";
				SDKROOT = auto;
				STRING_CATALOG_GENERATE_SYMBOLS = NO;
				SUPPORTED_PLATFORMS = "iphoneos iphonesimulator";
				SWIFT_APPROACHABLE_CONCURRENCY = YES;
				SWIFT_EMIT_LOC_STRINGS = NO;
				SWIFT_UPCOMING_FEATURE_MEMBER_IMPORT_VISIBILITY = YES;
				SWIFT_VERSION = 5.0;
				TARGETED_DEVICE_FAMILY = 1;
				TEST_HOST = "$(BUILT_PRODUCTS_DIR)/Fernlet.app/$(BUNDLE_EXECUTABLE_FOLDER_PATH)/Fernlet";
				XROS_DEPLOYMENT_TARGET = 26.5;
			};
			name = Release;
		};
		6869C3122FB8D39D0098A0F3 /* Debug */ = {
			isa = XCBuildConfiguration;
			buildSettings = {
				CODE_SIGN_STYLE = Automatic;
				CURRENT_PROJECT_VERSION = 1;
				DEVELOPMENT_TEAM = 3RTUPF8FFH;
				GENERATE_INFOPLIST_FILE = YES;
				IPHONEOS_DEPLOYMENT_TARGET = 26.0;
				MACOSX_DEPLOYMENT_TARGET = 26.5;
				MARKETING_VERSION = 1.0;
				PRODUCT_BUNDLE_IDENTIFIER = MBO.FernletUITests;
				PRODUCT_NAME = "$(TARGET_NAME)";
				SDKROOT = auto;
				STRING_CATALOG_GENERATE_SYMBOLS = NO;
				SUPPORTED_PLATFORMS = "iphoneos iphonesimulator";
				SWIFT_APPROACHABLE_CONCURRENCY = YES;
				SWIFT_EMIT_LOC_STRINGS = NO;
				SWIFT_UPCOMING_FEATURE_MEMBER_IMPORT_VISIBILITY = YES;
				SWIFT_VERSION = 5.0;
				TARGETED_DEVICE_FAMILY = 1;
				TEST_TARGET_NAME = Fernlet;
				XROS_DEPLOYMENT_TARGET = 26.5;
			};
			name = Debug;
		};
		6869C3132FB8D39D0098A0F3 /* Release */ = {
			isa = XCBuildConfiguration;
			buildSettings = {
				CODE_SIGN_STYLE = Automatic;
				CURRENT_PROJECT_VERSION = 1;
				DEVELOPMENT_TEAM = 3RTUPF8FFH;
				GENERATE_INFOPLIST_FILE = YES;
				IPHONEOS_DEPLOYMENT_TARGET = 26.0;
				MACOSX_DEPLOYMENT_TARGET = 26.5;
				MARKETING_VERSION = 1.0;
				PRODUCT_BUNDLE_IDENTIFIER = MBO.FernletUITests;
				PRODUCT_NAME = "$(TARGET_NAME)";
				SDKROOT = auto;
				STRING_CATALOG_GENERATE_SYMBOLS = NO;
				SUPPORTED_PLATFORMS = "iphoneos iphonesimulator";
				SWIFT_APPROACHABLE_CONCURRENCY = YES;
				SWIFT_EMIT_LOC_STRINGS = NO;
				SWIFT_UPCOMING_FEATURE_MEMBER_IMPORT_VISIBILITY = YES;
				SWIFT_VERSION = 5.0;
				TARGETED_DEVICE_FAMILY = 1;
				TEST_TARGET_NAME = Fernlet;
				XROS_DEPLOYMENT_TARGET = 26.5;
			};
			name = Release;
		};
		68FE5E00000000000000A016 /* Debug */ = {
			isa = XCBuildConfiguration;
			buildSettings = {
				CODE_SIGN_ENTITLEMENTS = FernletShareExtension/FernletShareExtension.entitlements;
				CODE_SIGN_STYLE = Automatic;
				CURRENT_PROJECT_VERSION = 1;
				DEVELOPMENT_TEAM = 3RTUPF8FFH;
				GENERATE_INFOPLIST_FILE = YES;
				INFOPLIST_FILE = FernletShareExtension/Info.plist;
				IPHONEOS_DEPLOYMENT_TARGET = 26.0;
				LD_RUNPATH_SEARCH_PATHS = (
					"@executable_path/Frameworks",
					"@executable_path/../../Frameworks",
				);
				MARKETING_VERSION = 1.0;
				PRODUCT_BUNDLE_IDENTIFIER = MBO.Fernlet.ShareExtension;
				PRODUCT_NAME = "$(TARGET_NAME)";
				REGISTER_APP_GROUPS = YES;
				SDKROOT = iphoneos;
				SKIP_INSTALL = YES;
				SUPPORTED_PLATFORMS = "iphoneos iphonesimulator";
				SWIFT_EMIT_LOC_STRINGS = YES;
				SWIFT_VERSION = 5.0;
				TARGETED_DEVICE_FAMILY = 1;
			};
			name = Debug;
		};
		68FE5E00000000000000A017 /* Release */ = {
			isa = XCBuildConfiguration;
			buildSettings = {
				CODE_SIGN_ENTITLEMENTS = FernletShareExtension/FernletShareExtension.entitlements;
				CODE_SIGN_STYLE = Automatic;
				CURRENT_PROJECT_VERSION = 1;
				DEVELOPMENT_TEAM = 3RTUPF8FFH;
				GENERATE_INFOPLIST_FILE = YES;
				INFOPLIST_FILE = FernletShareExtension/Info.plist;
				IPHONEOS_DEPLOYMENT_TARGET = 26.0;
				LD_RUNPATH_SEARCH_PATHS = (
					"@executable_path/Frameworks",
					"@executable_path/../../Frameworks",
				);
				MARKETING_VERSION = 1.0;
				PRODUCT_BUNDLE_IDENTIFIER = MBO.Fernlet.ShareExtension;
				PRODUCT_NAME = "$(TARGET_NAME)";
				REGISTER_APP_GROUPS = YES;
				SDKROOT = iphoneos;
				SKIP_INSTALL = YES;
				SUPPORTED_PLATFORMS = "iphoneos iphonesimulator";
				SWIFT_EMIT_LOC_STRINGS = YES;
				SWIFT_VERSION = 5.0;
				TARGETED_DEVICE_FAMILY = 1;
			};
			name = Release;
		};
		68FE5E00000000000000B016 /* Debug */ = {
			isa = XCBuildConfiguration;
			buildSettings = {
				CODE_SIGN_ENTITLEMENTS = FernletWidgets/FernletWidgets.entitlements;
				CODE_SIGN_STYLE = Automatic;
				CURRENT_PROJECT_VERSION = 1;
				DEVELOPMENT_TEAM = 3RTUPF8FFH;
				GENERATE_INFOPLIST_FILE = YES;
				INFOPLIST_FILE = FernletWidgets/Info.plist;
				IPHONEOS_DEPLOYMENT_TARGET = 26.0;
				LD_RUNPATH_SEARCH_PATHS = (
					"@executable_path/Frameworks",
					"@executable_path/../../Frameworks",
				);
				MARKETING_VERSION = 1.0;
				PRODUCT_BUNDLE_IDENTIFIER = MBO.Fernlet.FernletWidgets;
				PRODUCT_NAME = "$(TARGET_NAME)";
				REGISTER_APP_GROUPS = YES;
				SDKROOT = iphoneos;
				SKIP_INSTALL = YES;
				SUPPORTED_PLATFORMS = "iphoneos iphonesimulator";
				SWIFT_EMIT_LOC_STRINGS = YES;
				SWIFT_VERSION = 5.0;
				TARGETED_DEVICE_FAMILY = 1;
			};
			name = Debug;
		};
		68FE5E00000000000000B017 /* Release */ = {
			isa = XCBuildConfiguration;
			buildSettings = {
				CODE_SIGN_ENTITLEMENTS = FernletWidgets/FernletWidgets.entitlements;
				CODE_SIGN_STYLE = Automatic;
				CURRENT_PROJECT_VERSION = 1;
				DEVELOPMENT_TEAM = 3RTUPF8FFH;
				GENERATE_INFOPLIST_FILE = YES;
				INFOPLIST_FILE = FernletWidgets/Info.plist;
				IPHONEOS_DEPLOYMENT_TARGET = 26.0;
				LD_RUNPATH_SEARCH_PATHS = (
					"@executable_path/Frameworks",
					"@executable_path/../../Frameworks",
				);
				MARKETING_VERSION = 1.0;
				PRODUCT_BUNDLE_IDENTIFIER = MBO.Fernlet.FernletWidgets;
				PRODUCT_NAME = "$(TARGET_NAME)";
				REGISTER_APP_GROUPS = YES;
				SDKROOT = iphoneos;
				SKIP_INSTALL = YES;
				SUPPORTED_PLATFORMS = "iphoneos iphonesimulator";
				SWIFT_EMIT_LOC_STRINGS = YES;
				SWIFT_VERSION = 5.0;
				TARGETED_DEVICE_FAMILY = 1;
			};
			name = Release;
		};
/* End XCBuildConfiguration section */

/* Begin XCConfigurationList section */
		6869C2DD2FB8D39D0098A0F3 /* Build configuration list for PBXProject "Fernlet" */ = {
			isa = XCConfigurationList;
			buildConfigurations = (
				6869C30C2FB8D39D0098A0F3 /* Debug */,
				6869C30D2FB8D39D0098A0F3 /* Release */,
			);
			defaultConfigurationIsVisible = 0;
			defaultConfigurationName = Release;
		};
		6869C3092FB8D39D0098A0F3 /* Build configuration list for PBXNativeTarget "Fernlet" */ = {
			isa = XCConfigurationList;
			buildConfigurations = (
				6869C30A2FB8D39D0098A0F3 /* Debug */,
				6869C30B2FB8D39D0098A0F3 /* Release */,
			);
			defaultConfigurationIsVisible = 0;
			defaultConfigurationName = Release;
		};
		6869C30E2FB8D39D0098A0F3 /* Build configuration list for PBXNativeTarget "FernletTests" */ = {
			isa = XCConfigurationList;
			buildConfigurations = (
				6869C30F2FB8D39D0098A0F3 /* Debug */,
				6869C3102FB8D39D0098A0F3 /* Release */,
			);
			defaultConfigurationIsVisible = 0;
			defaultConfigurationName = Release;
		};
		6869C3112FB8D39D0098A0F3 /* Build configuration list for PBXNativeTarget "FernletUITests" */ = {
			isa = XCConfigurationList;
			buildConfigurations = (
				6869C3122FB8D39D0098A0F3 /* Debug */,
				6869C3132FB8D39D0098A0F3 /* Release */,
			);
			defaultConfigurationIsVisible = 0;
			defaultConfigurationName = Release;
		};
		68FE5E00000000000000A015 /* Build configuration list for PBXNativeTarget "FernletShareExtension" */ = {
			isa = XCConfigurationList;
			buildConfigurations = (
				68FE5E00000000000000A016 /* Debug */,
				68FE5E00000000000000A017 /* Release */,
			);
			defaultConfigurationIsVisible = 0;
			defaultConfigurationName = Release;
		};
		68FE5E00000000000000B015 /* Build configuration list for PBXNativeTarget "FernletWidgets" */ = {
			isa = XCConfigurationList;
			buildConfigurations = (
				68FE5E00000000000000B016 /* Debug */,
				68FE5E00000000000000B017 /* Release */,
			);
			defaultConfigurationIsVisible = 0;
			defaultConfigurationName = Release;
		};
/* End XCConfigurationList section */

/* Begin XCLocalSwiftPackageReference section */
		FE41000000000000000000A1 /* XCLocalSwiftPackageReference "../FernletKit" */ = {
			isa = XCLocalSwiftPackageReference;
			relativePath = ../FernletKit;
		};
/* End XCLocalSwiftPackageReference section */

/* Begin XCRemoteSwiftPackageReference section */
		684018C92FBE9AD400EFC6D6 /* XCRemoteSwiftPackageReference "CryptoSwift" */ = {
			isa = XCRemoteSwiftPackageReference;
			repositoryURL = "https://github.com/krzyzanowskim/CryptoSwift";
			requirement = {
				kind = upToNextMinorVersion;
				minimumVersion = 1.10.0;
			};
		};
/* End XCRemoteSwiftPackageReference section */

/* Begin XCSwiftPackageProductDependency section */
		684018CA2FBE9AD400EFC6D6 /* CryptoSwift */ = {
			isa = XCSwiftPackageProductDependency;
			package = 684018C92FBE9AD400EFC6D6 /* XCRemoteSwiftPackageReference "CryptoSwift" */;
			productName = CryptoSwift;
		};
		FE41000000000000000000A2 /* FernletKit */ = {
			isa = XCSwiftPackageProductDependency;
			productName = FernletKit;
		};
		FE41000000000000000000B2 /* FernletKit */ = {
			isa = XCSwiftPackageProductDependency;
			productName = FernletKit;
		};
/* End XCSwiftPackageProductDependency section */
	};
	rootObject = 6869C2DA2FB8D39D0098A0F3 /* Project object */;
}
